{
  "version": 4,
  "terraform_version": "1.14.8",
  "serial": 6,
  "lineage": "ea0f995e-e05d-eb7f-e726-c59998f8c7b6",
  "outputs": {},
  "resources": [
    {
      "mode": "managed",
      "type": "azurerm_resource_group",
      "name": "rg",
      "provider": "provider[\"registry.terraform.io/hashicorp/azurerm\"]",
      "instances": [
        {
          "schema_version": 0,
          "attributes": {
            "id": "/subscriptions/86ceb341-cc24-4d14-9812-79daf0021faa/resourceGroups/rg-Azure_AKS_Demo-dev",
            "location": "eastus",
            "managed_by": "",
            "name": "rg-Azure_AKS_Demo-dev",
            "tags": {
              "environment": "dev",
              "project": "Azure_AKS_Demo"
            },
            "timeouts": null
          },
          "sensitive_attributes": [],
          "identity_schema_version": 0,
          "private": "eyJlMmJmYjczMC1lY2FhLTExZTYtOGY4OC0zNDM2M2JjN2M0YzAiOnsiY3JlYXRlIjo1NDAwMDAwMDAwMDAwLCJkZWxldGUiOjU0MDAwMDAwMDAwMDAsInJlYWQiOjMwMDAwMDAwMDAwMCwidXBkYXRlIjo1NDAwMDAwMDAwMDAwfX0="
        }
      ]
    }
  ],
  "check_results": null
}
