{
  "version": 4,
  "terraform_version": "1.14.8",
  "serial": 7,
  "lineage": "e88cc7b1-8616-32e2-98b2-6e5340f7e6b6",
  "outputs": {},
  "resources": [
    {
      "mode": "data",
      "type": "azurerm_client_config",
      "name": "current",
      "provider": "provider[\"registry.terraform.io/hashicorp/azurerm\"]",
      "instances": [
        {
          "schema_version": 0,
          "attributes": {
            "client_id": "04b07795-8ddb-461a-bbee-02f9e1bf7b46",
            "id": "Y2xpZW50Q29uZmlncy9jbGllbnRJZD0wNGIwNzc5NS04ZGRiLTQ2MWEtYmJlZS0wMmY5ZTFiZjdiNDY7b2JqZWN0SWQ9YWNhMjc3NzYtZTJjNC00MmRjLTkzNjEtZDEyNDQ2MWZmZjgyO3N1YnNjcmlwdGlvbklkPTg2Y2ViMzQxLWNjMjQtNGQxNC05ODEyLTc5ZGFmMDAyMWZhYTt0ZW5hbnRJZD05ZjAzZDY4My1iMGQzLTQyNTItOWU2Ny1kYzlmZWI5OTM2MWI=",
            "object_id": "aca27776-e2c4-42dc-9361-d124461fff82",
            "subscription_id": "86ceb341-cc24-4d14-9812-79daf0021faa",
            "tenant_id": "9f03d683-b0d3-4252-9e67-dc9feb99361b",
            "timeouts": null
          },
          "sensitive_attributes": [],
          "identity_schema_version": 0
        }
      ]
    },
    {
      "mode": "managed",
      "type": "azurerm_container_registry",
      "name": "acr",
      "provider": "provider[\"registry.terraform.io/hashicorp/azurerm\"]",
      "instances": [
        {
          "schema_version": 2,
          "attributes": {
            "admin_enabled": true,
            "admin_password": "5XGesseh6UsP4yUYCMUNvdXeSIKIstl9BNn9mtfLsgsSQtd4mZmzJQQJ99CDACYeBjFEqg7NAAACAZCRuUgG",
            "admin_username": "acrazureaksdemoprod",
            "anonymous_pull_enabled": false,
            "data_endpoint_enabled": false,
            "encryption": [
              {
                "enabled": false,
                "identity_client_id": "",
                "key_vault_key_id": ""
              }
            ],
            "export_policy_enabled": true,
            "georeplications": [],
            "id": "/subscriptions/86ceb341-cc24-4d14-9812-79daf0021faa/resourceGroups/rg-azure-aks-demo-prod/providers/Microsoft.ContainerRegistry/registries/acrazureaksdemoprod",
            "identity": [],
            "location": "eastus",
            "login_server": "acrazureaksdemoprod.azurecr.io",
            "name": "acrazureaksdemoprod",
            "network_rule_bypass_option": "AzureServices",
            "network_rule_set": [],
            "public_network_access_enabled": true,
            "quarantine_policy_enabled": false,
            "resource_group_name": "rg-azure-aks-demo-prod",
            "retention_policy": [
              {
                "days": 7,
                "enabled": false
              }
            ],
            "sku": "Standard",
            "tags": {
              "environment": "prod",
              "managed_by": "terraform",
              "project": "azure-aks-demo"
            },
            "timeouts": null,
            "trust_policy": [
              {
                "enabled": false
              }
            ],
            "zone_redundancy_enabled": false
          },
          "sensitive_attributes": [
            [
              {
                "type": "get_attr",
                "value": "admin_password"
              }
            ]
          ],
          "identity_schema_version": 0,
          "private": "eyJlMmJmYjczMC1lY2FhLTExZTYtOGY4OC0zNDM2M2JjN2M0YzAiOnsiY3JlYXRlIjoxODAwMDAwMDAwMDAwLCJkZWxldGUiOjE4MDAwMDAwMDAwMDAsInJlYWQiOjMwMDAwMDAwMDAwMCwidXBkYXRlIjoxODAwMDAwMDAwMDAwfSwic2NoZW1hX3ZlcnNpb24iOiIyIn0=",
          "dependencies": [
            "azurerm_resource_group.main"
          ]
        }
      ]
    },
    {
      "mode": "managed",
      "type": "azurerm_key_vault",
      "name": "kv",
      "provider": "provider[\"registry.terraform.io/hashicorp/azurerm\"]",
      "instances": [
        {
          "schema_version": 2,
          "attributes": {
            "access_policy": [],
            "contact": [],
            "enable_rbac_authorization": false,
            "enabled_for_deployment": false,
            "enabled_for_disk_encryption": false,
            "enabled_for_template_deployment": false,
            "id": "/subscriptions/86ceb341-cc24-4d14-9812-79daf0021faa/resourceGroups/rg-azure-aks-demo-prod/providers/Microsoft.KeyVault/vaults/kv-azure-aks-demo-prod",
            "location": "eastus",
            "name": "kv-azure-aks-demo-prod",
            "network_acls": [
              {
                "bypass": "AzureServices",
                "default_action": "Allow",
                "ip_rules": [],
                "virtual_network_subnet_ids": []
              }
            ],
            "public_network_access_enabled": true,
            "purge_protection_enabled": false,
            "resource_group_name": "rg-azure-aks-demo-prod",
            "sku_name": "standard",
            "soft_delete_retention_days": 90,
            "tags": {
              "environment": "prod",
              "managed_by": "terraform",
              "project": "azure-aks-demo"
            },
            "tenant_id": "9f03d683-b0d3-4252-9e67-dc9feb99361b",
            "timeouts": null,
            "vault_uri": "https://kv-azure-aks-demo-prod.vault.azure.net/"
          },
          "sensitive_attributes": [],
          "identity_schema_version": 0,
          "private": "eyJlMmJmYjczMC1lY2FhLTExZTYtOGY4OC0zNDM2M2JjN2M0YzAiOnsiY3JlYXRlIjoxODAwMDAwMDAwMDAwLCJkZWxldGUiOjE4MDAwMDAwMDAwMDAsInJlYWQiOjMwMDAwMDAwMDAwMCwidXBkYXRlIjoxODAwMDAwMDAwMDAwfSwic2NoZW1hX3ZlcnNpb24iOiIyIn0=",
          "dependencies": [
            "azurerm_resource_group.main",
            "data.azurerm_client_config.current"
          ]
        }
      ]
    },
    {
      "mode": "managed",
      "type": "azurerm_resource_group",
      "name": "main",
      "provider": "provider[\"registry.terraform.io/hashicorp/azurerm\"]",
      "instances": [
        {
          "schema_version": 0,
          "attributes": {
            "id": "/subscriptions/86ceb341-cc24-4d14-9812-79daf0021faa/resourceGroups/rg-azure-aks-demo-prod",
            "location": "eastus",
            "managed_by": "",
            "name": "rg-azure-aks-demo-prod",
            "tags": {
              "environment": "prod",
              "managed_by": "terraform",
              "project": "azure-aks-demo"
            },
            "timeouts": null
          },
          "sensitive_attributes": [],
          "identity_schema_version": 0,
          "private": "eyJlMmJmYjczMC1lY2FhLTExZTYtOGY4OC0zNDM2M2JjN2M0YzAiOnsiY3JlYXRlIjo1NDAwMDAwMDAwMDAwLCJkZWxldGUiOjU0MDAwMDAwMDAwMDAsInJlYWQiOjMwMDAwMDAwMDAwMCwidXBkYXRlIjo1NDAwMDAwMDAwMDAwfX0="
        }
      ]
    }
  ],
  "check_results": null
}
